
Microsoft Visual Studio Solution File, Format Version 12.00
# Visual Studio 2013
VisualStudioVersion = 12.0.30723.0
MinimumVisualStudioVersion = 10.0.40219.1
Project("{FAE04EC0-301F-11D3-BF4B-00C04F79EFBC}") = "Developer", "Developer\Developer.csproj", "{6F2770DE-1763-469C-A936-556DA2763BD6}"
EndProject
Project("{FAE04EC0-301F-11D3-BF4B-00C04F79EFBC}") = "Developer.Tests", "Developer.Tests\Developer.Tests.csproj", "{23FE4B7E-01D0-45C7-ACFC-D07CDE97FBE0}"
EndProject
Global
	GlobalSection(SolutionConfigurationPlatforms) = preSolution
		Debug|Any CPU = Debug|Any CPU
		Release|Any CPU = Release|Any CPU
	EndGlobalSection
	GlobalSection(ProjectConfigurationPlatforms) = postSolution
		{6F2770DE-1763-469C-A936-556DA2763BD6}.Debug|Any CPU.ActiveCfg = Debug|Any CPU
		{6F2770DE-1763-469C-A936-556DA2763BD6}.Debug|Any CPU.Build.0 = Debug|Any CPU
		{6F2770DE-1763-469C-A936-556DA2763BD6}.Release|Any CPU.ActiveCfg = Release|Any CPU
		{6F2770DE-1763-469C-A936-556DA2763BD6}.Release|Any CPU.Build.0 = Release|Any CPU
		{23FE4B7E-01D0-45C7-ACFC-D07CDE97FBE0}.Debug|Any CPU.ActiveCfg = Debug|Any CPU
		{23FE4B7E-01D0-45C7-ACFC-D07CDE97FBE0}.Debug|Any CPU.Build.0 = Debug|Any CPU
		{23FE4B7E-01D0-45C7-ACFC-D07CDE97FBE0}.Release|Any CPU.ActiveCfg = Release|Any CPU
		{23FE4B7E-01D0-45C7-ACFC-D07CDE97FBE0}.Release|Any CPU.Build.0 = Release|Any CPU
	EndGlobalSection
	GlobalSection(SolutionProperties) = preSolution
		HideSolutionNode = FALSE
	EndGlobalSection
EndGlobal
